
Microsoft Visual Studio Solution File, Format Version 12.00
# Visual Studio Version 16
VisualStudioVersion = 16.6.30114.105
MinimumVisualStudioVersion = 10.0.40219.1
Project("{2150E333-8FDC-42A3-9474-1A3956D46DE8}") = "src", "src", "{EA30C3B3-7C6A-4760-9CF5-D6B78317B3DD}"
EndProject
Project("{FAE04EC0-301F-11D3-BF4B-00C04F79EFBC}") = "Fullcircl.ClientLibrary", "src\fullcircl-client-library\Fullcircl.ClientLibrary.csproj", "{7372D22B-CE19-4DAF-B67E-E40109E5A271}"
EndProject
Project("{FAE04EC0-301F-11D3-BF4B-00C04F79EFBC}") = "FullcirclDesktopClient", "src\fullcircl-desktop-client\FullcirclDesktopClient.csproj", "{E18A188F-CF05-4FF0-B8DF-F0B3B479A791}"
EndProject
Project("{FAE04EC0-301F-11D3-BF4B-00C04F79EFBC}") = "Fullcircl.Server", "src\fullcircl-server\Fullcircl.Server.csproj", "{3219C579-0E27-4CC5-A218-50B1A670DA90}"
EndProject
Global
	GlobalSection(SolutionConfigurationPlatforms) = preSolution
		Debug|Any CPU = Debug|Any CPU
		Debug|x64 = Debug|x64
		Debug|x86 = Debug|x86
		Release|Any CPU = Release|Any CPU
		Release|x64 = Release|x64
		Release|x86 = Release|x86
	EndGlobalSection
	GlobalSection(SolutionProperties) = preSolution
		HideSolutionNode = FALSE
	EndGlobalSection
	GlobalSection(ProjectConfigurationPlatforms) = postSolution
		{7372D22B-CE19-4DAF-B67E-E40109E5A271}.Debug|Any CPU.ActiveCfg = Debug|Any CPU
		{7372D22B-CE19-4DAF-B67E-E40109E5A271}.Debug|Any CPU.Build.0 = Debug|Any CPU
		{7372D22B-CE19-4DAF-B67E-E40109E5A271}.Debug|x64.ActiveCfg = Debug|Any CPU
		{7372D22B-CE19-4DAF-B67E-E40109E5A271}.Debug|x64.Build.0 = Debug|Any CPU
		{7372D22B-CE19-4DAF-B67E-E40109E5A271}.Debug|x86.ActiveCfg = Debug|Any CPU
		{7372D22B-CE19-4DAF-B67E-E40109E5A271}.Debug|x86.Build.0 = Debug|Any CPU
		{7372D22B-CE19-4DAF-B67E-E40109E5A271}.Release|Any CPU.ActiveCfg = Release|Any CPU
		{7372D22B-CE19-4DAF-B67E-E40109E5A271}.Release|Any CPU.Build.0 = Release|Any CPU
		{7372D22B-CE19-4DAF-B67E-E40109E5A271}.Release|x64.ActiveCfg = Release|Any CPU
		{7372D22B-CE19-4DAF-B67E-E40109E5A271}.Release|x64.Build.0 = Release|Any CPU
		{7372D22B-CE19-4DAF-B67E-E40109E5A271}.Release|x86.ActiveCfg = Release|Any CPU
		{7372D22B-CE19-4DAF-B67E-E40109E5A271}.Release|x86.Build.0 = Release|Any CPU
		{E18A188F-CF05-4FF0-B8DF-F0B3B479A791}.Debug|Any CPU.ActiveCfg = Debug|Any CPU
		{E18A188F-CF05-4FF0-B8DF-F0B3B479A791}.Debug|Any CPU.Build.0 = Debug|Any CPU
		{E18A188F-CF05-4FF0-B8DF-F0B3B479A791}.Debug|x64.ActiveCfg = Debug|x64
		{E18A188F-CF05-4FF0-B8DF-F0B3B479A791}.Debug|x64.Build.0 = Debug|x64
		{E18A188F-CF05-4FF0-B8DF-F0B3B479A791}.Debug|x86.ActiveCfg = Debug|Any CPU
		{E18A188F-CF05-4FF0-B8DF-F0B3B479A791}.Debug|x86.Build.0 = Debug|Any CPU
		{E18A188F-CF05-4FF0-B8DF-F0B3B479A791}.Release|Any CPU.ActiveCfg = Release|Any CPU
		{E18A188F-CF05-4FF0-B8DF-F0B3B479A791}.Release|Any CPU.Build.0 = Release|Any CPU
		{E18A188F-CF05-4FF0-B8DF-F0B3B479A791}.Release|x64.ActiveCfg = Release|x64
		{E18A188F-CF05-4FF0-B8DF-F0B3B479A791}.Release|x64.Build.0 = Release|x64
		{E18A188F-CF05-4FF0-B8DF-F0B3B479A791}.Release|x86.ActiveCfg = Release|Any CPU
		{E18A188F-CF05-4FF0-B8DF-F0B3B479A791}.Release|x86.Build.0 = Release|Any CPU
		{3219C579-0E27-4CC5-A218-50B1A670DA90}.Debug|Any CPU.ActiveCfg = Debug|Any CPU
		{3219C579-0E27-4CC5-A218-50B1A670DA90}.Debug|Any CPU.Build.0 = Debug|Any CPU
		{3219C579-0E27-4CC5-A218-50B1A670DA90}.Debug|x64.ActiveCfg = Debug|Any CPU
		{3219C579-0E27-4CC5-A218-50B1A670DA90}.Debug|x64.Build.0 = Debug|Any CPU
		{3219C579-0E27-4CC5-A218-50B1A670DA90}.Debug|x86.ActiveCfg = Debug|Any CPU
		{3219C579-0E27-4CC5-A218-50B1A670DA90}.Debug|x86.Build.0 = Debug|Any CPU
		{3219C579-0E27-4CC5-A218-50B1A670DA90}.Release|Any CPU.ActiveCfg = Release|Any CPU
		{3219C579-0E27-4CC5-A218-50B1A670DA90}.Release|Any CPU.Build.0 = Release|Any CPU
		{3219C579-0E27-4CC5-A218-50B1A670DA90}.Release|x64.ActiveCfg = Release|Any CPU
		{3219C579-0E27-4CC5-A218-50B1A670DA90}.Release|x64.Build.0 = Release|Any CPU
		{3219C579-0E27-4CC5-A218-50B1A670DA90}.Release|x86.ActiveCfg = Release|Any CPU
		{3219C579-0E27-4CC5-A218-50B1A670DA90}.Release|x86.Build.0 = Release|Any CPU
	EndGlobalSection
	GlobalSection(NestedProjects) = preSolution
		{7372D22B-CE19-4DAF-B67E-E40109E5A271} = {EA30C3B3-7C6A-4760-9CF5-D6B78317B3DD}
		{E18A188F-CF05-4FF0-B8DF-F0B3B479A791} = {EA30C3B3-7C6A-4760-9CF5-D6B78317B3DD}
		{3219C579-0E27-4CC5-A218-50B1A670DA90} = {EA30C3B3-7C6A-4760-9CF5-D6B78317B3DD}
	EndGlobalSection
EndGlobal
